
Microsoft Visual Studio Solution File, Format Version 12.00
# Visual Studio Version 16
VisualStudioVersion = 16.0.30804.86
MinimumVisualStudioVersion = 10.0.40219.1
Project("{8BC9CEB8-8B4A-11D0-8D11-00A0C91BC942}") = "colorTriangle", "colorTriangle.vcxproj", "{81764BD4-927C-4C4B-9130-8281576FB0D0}"
EndProject
Global
	GlobalSection(SolutionConfigurationPlatforms) = preSolution
		Debug|x64 = Debug|x64
		Debug|x86 = Debug|x86
		Release|x64 = Release|x64
		Release|x86 = Release|x86
	EndGlobalSection
	GlobalSection(ProjectConfigurationPlatforms) = postSolution
		{81764BD4-927C-4C4B-9130-8281576FB0D0}.Debug|x64.ActiveCfg = Debug|x64
		{81764BD4-927C-4C4B-9130-8281576FB0D0}.Debug|x64.Build.0 = Debug|x64
		{81764BD4-927C-4C4B-9130-8281576FB0D0}.Debug|x86.ActiveCfg = Debug|Win32
		{81764BD4-927C-4C4B-9130-8281576FB0D0}.Debug|x86.Build.0 = Debug|Win32
		{81764BD4-927C-4C4B-9130-8281576FB0D0}.Release|x64.ActiveCfg = Release|x64
		{81764BD4-927C-4C4B-9130-8281576FB0D0}.Release|x64.Build.0 = Release|x64
		{81764BD4-927C-4C4B-9130-8281576FB0D0}.Release|x86.ActiveCfg = Release|Win32
		{81764BD4-927C-4C4B-9130-8281576FB0D0}.Release|x86.Build.0 = Release|Win32
	EndGlobalSection
	GlobalSection(SolutionProperties) = preSolution
		HideSolutionNode = FALSE
	EndGlobalSection
	GlobalSection(ExtensibilityGlobals) = postSolution
		SolutionGuid = {53377D81-9853-43A6-A980-8B6D03D1B23A}
	EndGlobalSection
EndGlobal
